
Microsoft Visual Studio Solution File, Format Version 12.00
# Visual Studio Version 17
VisualStudioVersion = 17.7.34221.43
MinimumVisualStudioVersion = 10.0.40219.1
Project("{FAE04EC0-301F-11D3-BF4B-00C04F79EFBC}") = "jpwp", "jpwp\jpwp.csproj", "{CFDE2387-AE39-463B-8809-56B2BC6C806D}"
EndProject
Global
	GlobalSection(SolutionConfigurationPlatforms) = preSolution
		Debug|Any CPU = Debug|Any CPU
		Release|Any CPU = Release|Any CPU
	EndGlobalSection
	GlobalSection(ProjectConfigurationPlatforms) = postSolution
		{CFDE2387-AE39-463B-8809-56B2BC6C806D}.Debug|Any CPU.ActiveCfg = Debug|Any CPU
		{CFDE2387-AE39-463B-8809-56B2BC6C806D}.Debug|Any CPU.Build.0 = Debug|Any CPU
		{CFDE2387-AE39-463B-8809-56B2BC6C806D}.Release|Any CPU.ActiveCfg = Release|Any CPU
		{CFDE2387-AE39-463B-8809-56B2BC6C806D}.Release|Any CPU.Build.0 = Release|Any CPU
	EndGlobalSection
	GlobalSection(SolutionProperties) = preSolution
		HideSolutionNode = FALSE
	EndGlobalSection
	GlobalSection(ExtensibilityGlobals) = postSolution
		SolutionGuid = {EFD278A0-EC91-41AE-8A6D-F04B994E3AA3}
	EndGlobalSection
EndGlobal
